
Microsoft Visual Studio Solution File, Format Version 12.00
# Visual Studio Version 16
VisualStudioVersion = 16.0.32106.194
MinimumVisualStudioVersion = 10.0.40219.1
Project("{FAE04EC0-301F-11D3-BF4B-00C04F79EFBC}") = "server-agent", "server-agent\server-agent.csproj", "{10E67FAD-CCFD-4732-9781-ACB5657B5DFE}"
EndProject
Project("{FAE04EC0-301F-11D3-BF4B-00C04F79EFBC}") = "TestServer", "TestServer\TestServer.csproj", "{AFD4E2CA-D15D-49E5-B384-9E7864AC28FE}"
EndProject
Project("{FAE04EC0-301F-11D3-BF4B-00C04F79EFBC}") = "Tests", "Tests\Tests.csproj", "{2B47D9C8-01A8-43ED-9F80-BCA9A678A0B4}"
EndProject
Project("{2150E333-8FDC-42A3-9474-1A3956D46DE8}") = "Sql", "Sql", "{73EAA150-8A18-487F-B93C-73208EAE97E4}"
	ProjectSection(SolutionItems) = preProject
		Sql\Schema.sql = Sql\Schema.sql
		Sql\StoredProcedure.sql = Sql\StoredProcedure.sql
		Sql\TestData.sql = Sql\TestData.sql
	EndProjectSection
EndProject
Project("{2150E333-8FDC-42A3-9474-1A3956D46DE8}") = "Solution Items", "Solution Items", "{908C4CDE-5C47-4F33-820A-BE67B3E6BC03}"
	ProjectSection(SolutionItems) = preProject
		README.md = README.md
		setup-service.cmd = setup-service.cmd
	EndProjectSection
EndProject
Global
	GlobalSection(SolutionConfigurationPlatforms) = preSolution
		Debug|Any CPU = Debug|Any CPU
		Release|Any CPU = Release|Any CPU
	EndGlobalSection
	GlobalSection(ProjectConfigurationPlatforms) = postSolution
		{10E67FAD-CCFD-4732-9781-ACB5657B5DFE}.Debug|Any CPU.ActiveCfg = Debug|Any CPU
		{10E67FAD-CCFD-4732-9781-ACB5657B5DFE}.Debug|Any CPU.Build.0 = Debug|Any CPU
		{10E67FAD-CCFD-4732-9781-ACB5657B5DFE}.Release|Any CPU.ActiveCfg = Release|Any CPU
		{10E67FAD-CCFD-4732-9781-ACB5657B5DFE}.Release|Any CPU.Build.0 = Release|Any CPU
		{AFD4E2CA-D15D-49E5-B384-9E7864AC28FE}.Debug|Any CPU.ActiveCfg = Debug|Any CPU
		{AFD4E2CA-D15D-49E5-B384-9E7864AC28FE}.Debug|Any CPU.Build.0 = Debug|Any CPU
		{AFD4E2CA-D15D-49E5-B384-9E7864AC28FE}.Release|Any CPU.ActiveCfg = Release|Any CPU
		{2B47D9C8-01A8-43ED-9F80-BCA9A678A0B4}.Debug|Any CPU.ActiveCfg = Debug|Any CPU
		{2B47D9C8-01A8-43ED-9F80-BCA9A678A0B4}.Debug|Any CPU.Build.0 = Debug|Any CPU
		{2B47D9C8-01A8-43ED-9F80-BCA9A678A0B4}.Release|Any CPU.ActiveCfg = Release|Any CPU
		{2B47D9C8-01A8-43ED-9F80-BCA9A678A0B4}.Release|Any CPU.Build.0 = Release|Any CPU
	EndGlobalSection
	GlobalSection(SolutionProperties) = preSolution
		HideSolutionNode = FALSE
	EndGlobalSection
	GlobalSection(ExtensibilityGlobals) = postSolution
		SolutionGuid = {B185481B-F4F7-4873-A40B-F8493C8CBED5}
	EndGlobalSection
EndGlobal
